
Microsoft Visual Studio Solution File, Format Version 12.00
# Visual Studio 2015
Project("{FAE04EC0-301F-11D3-BF4B-00C04F79EFBC}") = "RollaBall", "RollaBall.csproj", "{B8E69D22-2EBA-A332-7EE5-82695B7D508A}"
EndProject
Global
	GlobalSection(SolutionConfigurationPlatforms) = preSolution
		Debug|Any CPU = Debug|Any CPU
		Release|Any CPU = Release|Any CPU
	EndGlobalSection
	GlobalSection(ProjectConfigurationPlatforms) = postSolution
		{B8E69D22-2EBA-A332-7EE5-82695B7D508A}.Debug|Any CPU.ActiveCfg = Debug|Any CPU
		{B8E69D22-2EBA-A332-7EE5-82695B7D508A}.Debug|Any CPU.Build.0 = Debug|Any CPU
		{B8E69D22-2EBA-A332-7EE5-82695B7D508A}.Release|Any CPU.ActiveCfg = Release|Any CPU
		{B8E69D22-2EBA-A332-7EE5-82695B7D508A}.Release|Any CPU.Build.0 = Release|Any CPU
	EndGlobalSection
	GlobalSection(SolutionProperties) = preSolution
		HideSolutionNode = FALSE
	EndGlobalSection
EndGlobal
